
Microsoft Visual Studio Solution File, Format Version 12.00
# Visual Studio Version 17
VisualStudioVersion = 17.8.34309.116
MinimumVisualStudioVersion = 10.0.40219.1
Project("{9A19103F-16F7-4668-BE54-9A1E7A4F7556}") = "SP.SPU.API", "src\SP.SPU.API\SP.SPU.API.csproj", "{27FEC4EA-81A6-4E4F-A0D0-D5BEC6B1F925}"
EndProject
Project("{9A19103F-16F7-4668-BE54-9A1E7A4F7556}") = "SP.SPU.Domain", "src\SP.SPU.Domain\SP.SPU.Domain.csproj", "{AB2F7277-42C3-45C7-889E-7E8878FACEFE}"
EndProject
Project("{9A19103F-16F7-4668-BE54-9A1E7A4F7556}") = "SP.SPU.Infrastructure", "src\SP.SPU.Infrastructure\SP.SPU.Infrastructure.csproj", "{926BCEDE-428B-4CEF-A026-54F6E53E749E}"
EndProject
Global
	GlobalSection(SolutionConfigurationPlatforms) = preSolution
		Debug|Any CPU = Debug|Any CPU
		Release|Any CPU = Release|Any CPU
	EndGlobalSection
	GlobalSection(ProjectConfigurationPlatforms) = postSolution
		{27FEC4EA-81A6-4E4F-A0D0-D5BEC6B1F925}.Debug|Any CPU.ActiveCfg = Debug|Any CPU
		{27FEC4EA-81A6-4E4F-A0D0-D5BEC6B1F925}.Debug|Any CPU.Build.0 = Debug|Any CPU
		{27FEC4EA-81A6-4E4F-A0D0-D5BEC6B1F925}.Release|Any CPU.ActiveCfg = Release|Any CPU
		{27FEC4EA-81A6-4E4F-A0D0-D5BEC6B1F925}.Release|Any CPU.Build.0 = Release|Any CPU
		{AB2F7277-42C3-45C7-889E-7E8878FACEFE}.Debug|Any CPU.ActiveCfg = Debug|Any CPU
		{AB2F7277-42C3-45C7-889E-7E8878FACEFE}.Debug|Any CPU.Build.0 = Debug|Any CPU
		{AB2F7277-42C3-45C7-889E-7E8878FACEFE}.Release|Any CPU.ActiveCfg = Release|Any CPU
		{AB2F7277-42C3-45C7-889E-7E8878FACEFE}.Release|Any CPU.Build.0 = Release|Any CPU
		{926BCEDE-428B-4CEF-A026-54F6E53E749E}.Debug|Any CPU.ActiveCfg = Debug|Any CPU
		{926BCEDE-428B-4CEF-A026-54F6E53E749E}.Debug|Any CPU.Build.0 = Debug|Any CPU
		{926BCEDE-428B-4CEF-A026-54F6E53E749E}.Release|Any CPU.ActiveCfg = Release|Any CPU
		{926BCEDE-428B-4CEF-A026-54F6E53E749E}.Release|Any CPU.Build.0 = Release|Any CPU
	EndGlobalSection
	GlobalSection(SolutionProperties) = preSolution
		HideSolutionNode = FALSE
	EndGlobalSection
	GlobalSection(ExtensibilityGlobals) = postSolution
		SolutionGuid = {FCCA317B-CA5C-46A3-967C-1113FFD8C813}
	EndGlobalSection
EndGlobal
